<?xml version="1.0" encoding="utf-8"?>
<Project ToolsVersion="4.0" xmlns="http://schemas.microsoft.com/developer/msbuild/2003">
  <ItemGroup>
    <ClCompile Include="SocketErrors.cpp">
      <Filter>socket</Filter>
    </ClCompile>
    <ClCompile Include="Socket.cpp">
      <Filter>socket</Filter>
    </ClCompile>
  </ItemGroup>
  <ItemGroup>
    <ClInclude Include="Socket.h">
      <Filter>socket</Filter>
    </ClInclude>
    <ClInclude Include="SocketErrors.h">
      <Filter>socket</Filter>
    </ClInclude>
    <ClInclude Include="SocketTypes.h">
      <Filter>socket</Filter>
    </ClInclude>
    <ClInclude Include="pub_header.h" />
  </ItemGroup>
  <ItemGroup>
    <Filter Include="socket">
      <UniqueIdentifier>{c23e691b-3963-408a-9259-b29b408d0990}</UniqueIdentifier>
    </Filter>
  </ItemGroup>
</Project>