<?xml version="1.0" encoding="utf-8"?>
<Project ToolsVersion="4.0" xmlns="http://schemas.microsoft.com/developer/msbuild/2003">
  <ItemGroup>
    <ClCompile Include="SocketErrors.cpp">
      <Filter>socket</Filter>
    </ClCompile>
    <ClCompile Include="Socket.cpp">
      <Filter>socket</Filter>
    </ClCompile>
    <ClCompile Include="DataSocket.cpp">
      <Filter>socket</Filter>
    </ClCompile>
    <ClCompile Include="Message.cpp" />
    <ClCompile Include="ListenSocket.cpp">
      <Filter>socket</Filter>
    </ClCompile>
    <ClCompile Include="SocketClient.cpp" />
    <ClCompile Include="SocketServer.cpp" />
  </ItemGroup>
  <ItemGroup>
    <ClInclude Include="Socket.h">
      <Filter>socket</Filter>
    </ClInclude>
    <ClInclude Include="SocketErrors.h">
      <Filter>socket</Filter>
    </ClInclude>
    <ClInclude Include="SocketTypes.h">
      <Filter>socket</Filter>
    </ClInclude>
    <ClInclude Include="pub_header.h" />
    <ClInclude Include="IClient.h" />
    <ClInclude Include="IServer.h" />
    <ClInclude Include="DataSocket.h">
      <Filter>socket</Filter>
    </ClInclude>
    <ClInclude Include="Message.h" />
    <ClInclude Include="ListenSocket.h">
      <Filter>socket</Filter>
    </ClInclude>
    <ClInclude Include="SocketClient.h" />
    <ClInclude Include="SocketServer.h" />
  </ItemGroup>
  <ItemGroup>
    <Filter Include="socket">
      <UniqueIdentifier>{c23e691b-3963-408a-9259-b29b408d0990}</UniqueIdentifier>
    </Filter>
  </ItemGroup>
</Project>